
Microsoft Visual Studio Solution File, Format Version 12.00
# Visual Studio Express 2013 for Windows Desktop
VisualStudioVersion = 12.0.21005.1
MinimumVisualStudioVersion = 10.0.40219.1
Project("{FAE04EC0-301F-11D3-BF4B-00C04F79EFBC}") = "01.From first to 6 homework", "ConvertBetweenNumeralSystems\01.From first to 6 homework.csproj", "{0BE7B5B2-EA7C-43AF-8B9D-D7E61D204006}"
EndProject
Project("{FAE04EC0-301F-11D3-BF4B-00C04F79EFBC}") = "07.Convert between numeral systems", "AnotherConverter\07.Convert between numeral systems.csproj", "{797E4E0C-DFCE-42A7-BC6C-96F38BE147F2}"
EndProject
Project("{FAE04EC0-301F-11D3-BF4B-00C04F79EFBC}") = "08. Convert 16bit signed int to binary", "08. Convert 16bit signed int to binary\08. Convert 16bit signed int to binary.csproj", "{0CF6D9EB-C8FF-420D-A8D4-D9AD0C6DDD30}"
EndProject
Project("{FAE04EC0-301F-11D3-BF4B-00C04F79EFBC}") = "09.Float", "09.Float\09.Float.csproj", "{A4883AA9-7065-4595-BDD1-2CBB5AF94116}"
EndProject
Global
	GlobalSection(SolutionConfigurationPlatforms) = preSolution
		Debug|Any CPU = Debug|Any CPU
		Release|Any CPU = Release|Any CPU
	EndGlobalSection
	GlobalSection(ProjectConfigurationPlatforms) = postSolution
		{0BE7B5B2-EA7C-43AF-8B9D-D7E61D204006}.Debug|Any CPU.ActiveCfg = Debug|Any CPU
		{0BE7B5B2-EA7C-43AF-8B9D-D7E61D204006}.Debug|Any CPU.Build.0 = Debug|Any CPU
		{0BE7B5B2-EA7C-43AF-8B9D-D7E61D204006}.Release|Any CPU.ActiveCfg = Release|Any CPU
		{0BE7B5B2-EA7C-43AF-8B9D-D7E61D204006}.Release|Any CPU.Build.0 = Release|Any CPU
		{797E4E0C-DFCE-42A7-BC6C-96F38BE147F2}.Debug|Any CPU.ActiveCfg = Debug|Any CPU
		{797E4E0C-DFCE-42A7-BC6C-96F38BE147F2}.Debug|Any CPU.Build.0 = Debug|Any CPU
		{797E4E0C-DFCE-42A7-BC6C-96F38BE147F2}.Release|Any CPU.ActiveCfg = Release|Any CPU
		{797E4E0C-DFCE-42A7-BC6C-96F38BE147F2}.Release|Any CPU.Build.0 = Release|Any CPU
		{0CF6D9EB-C8FF-420D-A8D4-D9AD0C6DDD30}.Debug|Any CPU.ActiveCfg = Debug|Any CPU
		{0CF6D9EB-C8FF-420D-A8D4-D9AD0C6DDD30}.Debug|Any CPU.Build.0 = Debug|Any CPU
		{0CF6D9EB-C8FF-420D-A8D4-D9AD0C6DDD30}.Release|Any CPU.ActiveCfg = Release|Any CPU
		{0CF6D9EB-C8FF-420D-A8D4-D9AD0C6DDD30}.Release|Any CPU.Build.0 = Release|Any CPU
		{A4883AA9-7065-4595-BDD1-2CBB5AF94116}.Debug|Any CPU.ActiveCfg = Debug|Any CPU
		{A4883AA9-7065-4595-BDD1-2CBB5AF94116}.Debug|Any CPU.Build.0 = Debug|Any CPU
		{A4883AA9-7065-4595-BDD1-2CBB5AF94116}.Release|Any CPU.ActiveCfg = Release|Any CPU
		{A4883AA9-7065-4595-BDD1-2CBB5AF94116}.Release|Any CPU.Build.0 = Release|Any CPU
	EndGlobalSection
	GlobalSection(SolutionProperties) = preSolution
		HideSolutionNode = FALSE
	EndGlobalSection
EndGlobal
